{
  "name": "ecommerce",
  "lockfileVersion": 3,
  "requires": true,
  "packages": {
    "": {
      "dependencies": {
        "six": "^0.0.12"
      }
    },
    "node_modules/escodegen": {
      "version": "0.0.15",
      "resolved": "https://registry.npmjs.org/escodegen/-/escodegen-0.0.15.tgz",
      "integrity": "sha512-ALdTVKqhEj6bDf4pC0fXWRiUvhyJSJ0Ic8AdPuMGKckoa3gMXG+MPduI8TlDoSS84swDkfXeogXapbkErAHvDA==",
      "dependencies": {
        "esprima": ">= 1.0.0"
      },
      "bin": {
        "escodegen": "bin/escodegen.js",
        "esgenerate": "bin/esgenerate.js"
      },
      "engines": {
        "node": ">=0.4.0"
      },
      "optionalDependencies": {
        "source-map": ">= 0.1.2"
      }
    },
    "node_modules/esprima": {
      "version": "4.0.1",
      "resolved": "https://registry.npmjs.org/esprima/-/esprima-4.0.1.tgz",
      "integrity": "sha512-eGuFFw7Upda+g4p+QHvnW0RyTX/SVeJBDM/gCtMARO0cLuT2HcEKnTPvhjV6aGeqrCB/sbNop0Kszm0jsaWU4A==",
      "license": "BSD-2-Clause",
      "bin": {
        "esparse": "bin/esparse.js",
        "esvalidate": "bin/esvalidate.js"
      },
      "engines": {
        "node": ">=4"
      }
    },
    "node_modules/esprima-six-jpike": {
      "version": "1.1.1-dev-harmony",
      "resolved": "https://registry.npmjs.org/esprima-six-jpike/-/esprima-six-jpike-1.1.1-dev-harmony.tgz",
      "integrity": "sha512-CiWpqNyZ4wCgGgWAziKoYbRzO5xmglhnpXmst2ULn80Wza+VUyTAMJmgeUqsH0p5gO5LCMgRMgNqeeZpRGImGQ==",
      "bin": {
        "esparse": "bin/esparse.js",
        "esvalidate": "bin/esvalidate.js"
      },
      "engines": {
        "node": ">=0.4.0"
      }
    },
    "node_modules/six": {
      "version": "0.0.12",
      "resolved": "https://registry.npmjs.org/six/-/six-0.0.12.tgz",
      "integrity": "sha512-zX9fKGGn6EN7Vdv7Gq2KO5UnQJU75sBevoj9NKiR3tldMbm0hLmFutWDqnW6MZf6gKzbRisjEoCa0OP2zcew9Q==",
      "dependencies": {
        "escodegen": "0.0.15",
        "esprima-six-jpike": "1.1.1-dev-harmony"
      },
      "bin": {
        "sake": "bin/sake",
        "six": "bin/six"
      }
    },
    "node_modules/source-map": {
      "version": "0.7.4",
      "resolved": "https://registry.npmjs.org/source-map/-/source-map-0.7.4.tgz",
      "integrity": "sha512-l3BikUxvPOcn5E74dZiq5BGsTb5yEwhaTSzccU6t4sDOH8NWJCstKO5QT2CvtFoK6F0saL7p9xHAqHOlCPJygA==",
      "license": "BSD-3-Clause",
      "optional": true,
      "engines": {
        "node": ">= 8"
      }
    }
  }
}
